
Microsoft Visual Studio Solution File, Format Version 12.00
# Visual Studio 15
VisualStudioVersion = 15.0.28307.421
MinimumVisualStudioVersion = 10.0.40219.1
Project("{FAE04EC0-301F-11D3-BF4B-00C04F79EFBC}") = "ZoomAndPanToCursor", "ZoomAndPanToCursor.csproj", "{23797FD6-4EBA-4197-B2CF-6C6BAB73C793}"
EndProject
Global
	GlobalSection(SolutionConfigurationPlatforms) = preSolution
		Debug|Any CPU = Debug|Any CPU
		Release|Any CPU = Release|Any CPU
	EndGlobalSection
	GlobalSection(ProjectConfigurationPlatforms) = postSolution
		{23797FD6-4EBA-4197-B2CF-6C6BAB73C793}.Debug|Any CPU.ActiveCfg = Debug|Any CPU
		{23797FD6-4EBA-4197-B2CF-6C6BAB73C793}.Debug|Any CPU.Build.0 = Debug|Any CPU
		{23797FD6-4EBA-4197-B2CF-6C6BAB73C793}.Release|Any CPU.ActiveCfg = Release|Any CPU
		{23797FD6-4EBA-4197-B2CF-6C6BAB73C793}.Release|Any CPU.Build.0 = Release|Any CPU
	EndGlobalSection
	GlobalSection(SolutionProperties) = preSolution
		HideSolutionNode = FALSE
	EndGlobalSection
	GlobalSection(ExtensibilityGlobals) = postSolution
		SolutionGuid = {8224E13C-7B9A-4105-85B6-E7BABACED56E}
	EndGlobalSection
EndGlobal
